
Microsoft Visual Studio Solution File, Format Version 12.00
# Visual Studio Version 17
VisualStudioVersion = 17.4.33122.133
MinimumVisualStudioVersion = 10.0.40219.1
Project("{FAE04EC0-301F-11D3-BF4B-00C04F79EFBC}") = "UnixConverter", "UnixConverter.csproj", "{3CABCD35-5C53-434C-B459-9FD928041035}"
EndProject
Global
	GlobalSection(SolutionConfigurationPlatforms) = preSolution
		Debug|Any CPU = Debug|Any CPU
		Release|Any CPU = Release|Any CPU
	EndGlobalSection
	GlobalSection(ProjectConfigurationPlatforms) = postSolution
		{3CABCD35-5C53-434C-B459-9FD928041035}.Debug|Any CPU.ActiveCfg = Debug|Any CPU
		{3CABCD35-5C53-434C-B459-9FD928041035}.Debug|Any CPU.Build.0 = Debug|Any CPU
		{3CABCD35-5C53-434C-B459-9FD928041035}.Release|Any CPU.ActiveCfg = Release|Any CPU
		{3CABCD35-5C53-434C-B459-9FD928041035}.Release|Any CPU.Build.0 = Release|Any CPU
	EndGlobalSection
	GlobalSection(SolutionProperties) = preSolution
		HideSolutionNode = FALSE
	EndGlobalSection
	GlobalSection(ExtensibilityGlobals) = postSolution
		SolutionGuid = {B5A2E9C9-FE29-4FAC-98D1-54122F4169EF}
	EndGlobalSection
EndGlobal
